
Microsoft Visual Studio Solution File, Format Version 12.00
# Visual Studio Version 17
VisualStudioVersion = 17.11.35303.130
MinimumVisualStudioVersion = 10.0.40219.1
Project("{FAE04EC0-301F-11D3-BF4B-00C04F79EFBC}") = "Pokédex", "Pokédex.csproj", "{314C9F8A-C262-45E9-8133-3D4D82DB8990}"
EndProject
Global
	GlobalSection(SolutionConfigurationPlatforms) = preSolution
		Debug|Any CPU = Debug|Any CPU
		Release|Any CPU = Release|Any CPU
	EndGlobalSection
	GlobalSection(ProjectConfigurationPlatforms) = postSolution
		{314C9F8A-C262-45E9-8133-3D4D82DB8990}.Debug|Any CPU.ActiveCfg = Debug|Any CPU
		{314C9F8A-C262-45E9-8133-3D4D82DB8990}.Debug|Any CPU.Build.0 = Debug|Any CPU
		{314C9F8A-C262-45E9-8133-3D4D82DB8990}.Debug|Any CPU.Deploy.0 = Debug|Any CPU
		{314C9F8A-C262-45E9-8133-3D4D82DB8990}.Release|Any CPU.ActiveCfg = Release|Any CPU
		{314C9F8A-C262-45E9-8133-3D4D82DB8990}.Release|Any CPU.Build.0 = Release|Any CPU
		{314C9F8A-C262-45E9-8133-3D4D82DB8990}.Release|Any CPU.Deploy.0 = Release|Any CPU
	EndGlobalSection
	GlobalSection(SolutionProperties) = preSolution
		HideSolutionNode = FALSE
	EndGlobalSection
	GlobalSection(ExtensibilityGlobals) = postSolution
		SolutionGuid = {DCE2F827-B098-4575-9DC7-E67E44816E0D}
	EndGlobalSection
EndGlobal
